#MicroXplorer Configuration settings - do not modify
File.Version=6
KeepUserPlacement=false
Mcu.Family=STM32F1
Mcu.IP0=NVIC
Mcu.IP1=RCC
Mcu.IP2=SYS
Mcu.IP3=TIM1
Mcu.IP4=TIM4
Mcu.IPNb=5
Mcu.Name=STM32F103R(8-B)Tx
Mcu.Package=LQFP64
Mcu.Pin0=PB15
Mcu.Pin1=PB6
Mcu.Pin2=VP_SYS_VS_ND
Mcu.Pin3=VP_SYS_VS_Systick
Mcu.Pin4=VP_TIM1_VS_ClockSourceINT
Mcu.Pin5=VP_TIM4_VS_ClockSourceINT
Mcu.PinsNb=6
Mcu.ThirdPartyNb=0
Mcu.UserConstants=
Mcu.UserName=STM32F103R8Tx
MxCube.Version=4.24.0
MxDb.Version=DB.4.0.240
NVIC.BusFault_IRQn=true\:0\:0\:false\:false\:true\:false
NVIC.DebugMonitor_IRQn=true\:0\:0\:false\:false\:true\:false
NVIC.HardFault_IRQn=true\:0\:0\:false\:false\:true\:false
NVIC.MemoryManagement_IRQn=true\:0\:0\:false\:false\:true\:false
NVIC.NonMaskableInt_IRQn=true\:0\:0\:false\:false\:true\:false
NVIC.PendSV_IRQn=true\:0\:0\:false\:false\:true\:false
NVIC.PriorityGroup=NVIC_PRIORITYGROUP_4
NVIC.SVCall_IRQn=true\:0\:0\:false\:false\:true\:false
NVIC.SysTick_IRQn=true\:0\:0\:false\:false\:true\:false
NVIC.UsageFault_IRQn=true\:0\:0\:false\:false\:true\:false
PB15.GPIOParameters=GPIO_Speed
PB15.GPIO_Speed=GPIO_SPEED_FREQ_MEDIUM
PB15.Locked=true
PB15.Signal=TIM1_CH3N
PB6.GPIOParameters=GPIO_Label
PB6.GPIO_Label=PWM
PB6.Locked=true
PB6.Signal=S_TIM4_CH1
PCC.Checker=false
PCC.Line=STM32F103
PCC.MCU=STM32F103R(8-B)Tx
PCC.PartNumber=STM32F103R8Tx
PCC.Seq0=0
PCC.Series=STM32F1
PCC.Temperature=25
PCC.Vdd=3.3
PinOutPanel.RotationAngle=0
ProjectManager.AskForMigrate=true
ProjectManager.BackupPrevious=false
ProjectManager.CompilerOptimize=2
ProjectManager.ComputerToolchain=false
ProjectManager.CoupleFile=false
ProjectManager.CustomerFirmwarePackage=C\:/Users/trbur/STM32Cube/Repository/STM32Cube_FW_F1_V1.6.0
ProjectManager.DefaultFWLocation=true
ProjectManager.DeletePrevious=true
ProjectManager.DeviceId=STM32F103R8Tx
ProjectManager.FirmwarePackage=STM32Cube FW_F1 V1.6.0
ProjectManager.FreePins=false
ProjectManager.HalAssertFull=false
ProjectManager.HeapSize=0x200
ProjectManager.KeepUserCode=true
ProjectManager.LastFirmware=true
ProjectManager.LibraryCopy=0
ProjectManager.PreviousToolchain=
ProjectManager.ProjectBuild=false
ProjectManager.ProjectFileName=Timer(HAL).ioc
ProjectManager.ProjectName=Timer(HAL)
ProjectManager.StackSize=0x400
ProjectManager.TargetToolchain=MDK-ARM V5
ProjectManager.ToolChainLocation=
ProjectManager.UnderRoot=false
ProjectManager.functionlistsort=1-MX_GPIO_Init-GPIO-false-HAL-true,2-SystemClock_Config-RCC-false-HAL-true,3-MX_TIM4_Init-TIM4-false-HAL-true,4-MX_TIM1_Init-TIM1-false-HAL-true
RCC.ADCFreqValue=250000
RCC.AHBFreq_Value=8000000
RCC.APB1CLKDivider=RCC_HCLK_DIV16
RCC.APB1Freq_Value=500000
RCC.APB1TimFreq_Value=1000000
RCC.APB2CLKDivider=RCC_HCLK_DIV16
RCC.APB2Freq_Value=500000
RCC.APB2TimFreq_Value=1000000
RCC.FCLKCortexFreq_Value=8000000
RCC.FamilyName=M
RCC.HCLKFreq_Value=8000000
RCC.IPParameters=ADCFreqValue,AHBFreq_Value,APB1CLKDivider,APB1Freq_Value,APB1TimFreq_Value,APB2CLKDivider,APB2Freq_Value,APB2TimFreq_Value,FCLKCortexFreq_Value,FamilyName,HCLKFreq_Value,MCOFreq_Value,PLLCLKFreq_Value,PLLMCOFreq_Value,PLLMUL,SYSCLKFreq_VALUE,TimSysFreq_Value,USBFreq_Value
RCC.MCOFreq_Value=8000000
RCC.PLLCLKFreq_Value=48000000
RCC.PLLMCOFreq_Value=24000000
RCC.PLLMUL=RCC_PLL_MUL12
RCC.SYSCLKFreq_VALUE=8000000
RCC.TimSysFreq_Value=8000000
RCC.USBFreq_Value=48000000
SH.S_TIM4_CH1.0=TIM4_CH1,PWM Generation1 CH1
SH.S_TIM4_CH1.ConfNb=1
TIM4.Channel-PWM\ Generation1\ CH1=TIM_CHANNEL_1
TIM4.IPParameters=Channel-PWM Generation1 CH1,Prescaler,Period,Pulse-PWM Generation1 CH1
TIM4.Period=3906
TIM4.Prescaler=15
TIM4.Pulse-PWM\ Generation1\ CH1=1953
VP_SYS_VS_ND.Mode=No_Debug
VP_SYS_VS_ND.Signal=SYS_VS_ND
VP_SYS_VS_Systick.Mode=SysTick
VP_SYS_VS_Systick.Signal=SYS_VS_Systick
VP_TIM1_VS_ClockSourceINT.Mode=Internal
VP_TIM1_VS_ClockSourceINT.Signal=TIM1_VS_ClockSourceINT
VP_TIM4_VS_ClockSourceINT.Mode=Internal
VP_TIM4_VS_ClockSourceINT.Signal=TIM4_VS_ClockSourceINT
board=Timer(HAL)
